
Microsoft Visual Studio Solution File, Format Version 12.00
# Visual Studio 15
VisualStudioVersion = 15.0.28010.2026
MinimumVisualStudioVersion = 10.0.40219.1
Project("{8BC9CEB8-8B4A-11D0-8D11-00A0C91BC942}") = "Graphics", "Graphics\Graphics.vcxproj", "{8C5DD954-97EA-478A-A155-BB0F0129BE17}"
EndProject
Global
	GlobalSection(SolutionConfigurationPlatforms) = preSolution
		Debug|x64 = Debug|x64
		Debug|x86 = Debug|x86
		Release|x64 = Release|x64
		Release|x86 = Release|x86
	EndGlobalSection
	GlobalSection(ProjectConfigurationPlatforms) = postSolution
		{8C5DD954-97EA-478A-A155-BB0F0129BE17}.Debug|x64.ActiveCfg = Debug|x64
		{8C5DD954-97EA-478A-A155-BB0F0129BE17}.Debug|x64.Build.0 = Debug|x64
		{8C5DD954-97EA-478A-A155-BB0F0129BE17}.Debug|x86.ActiveCfg = Debug|Win32
		{8C5DD954-97EA-478A-A155-BB0F0129BE17}.Debug|x86.Build.0 = Debug|Win32
		{8C5DD954-97EA-478A-A155-BB0F0129BE17}.Release|x64.ActiveCfg = Release|x64
		{8C5DD954-97EA-478A-A155-BB0F0129BE17}.Release|x64.Build.0 = Release|x64
		{8C5DD954-97EA-478A-A155-BB0F0129BE17}.Release|x86.ActiveCfg = Release|Win32
		{8C5DD954-97EA-478A-A155-BB0F0129BE17}.Release|x86.Build.0 = Release|Win32
	EndGlobalSection
	GlobalSection(SolutionProperties) = preSolution
		HideSolutionNode = FALSE
	EndGlobalSection
	GlobalSection(ExtensibilityGlobals) = postSolution
		SolutionGuid = {230D5C81-8F48-43BB-B69D-8087A1F62A0B}
	EndGlobalSection
EndGlobal
