
Microsoft Visual Studio Solution File, Format Version 12.00
# Visual Studio 15
VisualStudioVersion = 15.0.28010.2026
MinimumVisualStudioVersion = 10.0.40219.1
Project("{8BC9CEB8-8B4A-11D0-8D11-00A0C91BC942}") = "algo_hw_2", "algo_hw_2\algo_hw_2.vcxproj", "{85D9FC2F-464A-4D69-9647-A54D2F3C1319}"
EndProject
Global
	GlobalSection(SolutionConfigurationPlatforms) = preSolution
		Debug|x64 = Debug|x64
		Debug|x86 = Debug|x86
		Release|x64 = Release|x64
		Release|x86 = Release|x86
	EndGlobalSection
	GlobalSection(ProjectConfigurationPlatforms) = postSolution
		{85D9FC2F-464A-4D69-9647-A54D2F3C1319}.Debug|x64.ActiveCfg = Debug|x64
		{85D9FC2F-464A-4D69-9647-A54D2F3C1319}.Debug|x64.Build.0 = Debug|x64
		{85D9FC2F-464A-4D69-9647-A54D2F3C1319}.Debug|x86.ActiveCfg = Debug|Win32
		{85D9FC2F-464A-4D69-9647-A54D2F3C1319}.Debug|x86.Build.0 = Debug|Win32
		{85D9FC2F-464A-4D69-9647-A54D2F3C1319}.Release|x64.ActiveCfg = Release|x64
		{85D9FC2F-464A-4D69-9647-A54D2F3C1319}.Release|x64.Build.0 = Release|x64
		{85D9FC2F-464A-4D69-9647-A54D2F3C1319}.Release|x86.ActiveCfg = Release|Win32
		{85D9FC2F-464A-4D69-9647-A54D2F3C1319}.Release|x86.Build.0 = Release|Win32
	EndGlobalSection
	GlobalSection(SolutionProperties) = preSolution
		HideSolutionNode = FALSE
	EndGlobalSection
	GlobalSection(ExtensibilityGlobals) = postSolution
		SolutionGuid = {5243C7B0-1CAF-4D98-8648-5E0D09E83B79}
	EndGlobalSection
EndGlobal
