
Microsoft Visual Studio Solution File, Format Version 12.00
# Visual Studio 15
VisualStudioVersion = 15.0.28010.2026
MinimumVisualStudioVersion = 10.0.40219.1
Project("{FAE04EC0-301F-11D3-BF4B-00C04F79EFBC}") = "dummyHack", "dummyHack\dummyHack.csproj", "{F905B188-B91C-438D-B74E-330F60103F26}"
EndProject
Global
	GlobalSection(SolutionConfigurationPlatforms) = preSolution
		Debug|Any CPU = Debug|Any CPU
		Release|Any CPU = Release|Any CPU
	EndGlobalSection
	GlobalSection(ProjectConfigurationPlatforms) = postSolution
		{F905B188-B91C-438D-B74E-330F60103F26}.Debug|Any CPU.ActiveCfg = Debug|Any CPU
		{F905B188-B91C-438D-B74E-330F60103F26}.Debug|Any CPU.Build.0 = Debug|Any CPU
		{F905B188-B91C-438D-B74E-330F60103F26}.Release|Any CPU.ActiveCfg = Release|Any CPU
		{F905B188-B91C-438D-B74E-330F60103F26}.Release|Any CPU.Build.0 = Release|Any CPU
	EndGlobalSection
	GlobalSection(SolutionProperties) = preSolution
		HideSolutionNode = FALSE
	EndGlobalSection
	GlobalSection(ExtensibilityGlobals) = postSolution
		SolutionGuid = {2E1B3AF1-50D4-497F-B0F8-C54B6EC85D09}
	EndGlobalSection
EndGlobal
