
Microsoft Visual Studio Solution File, Format Version 12.00
# Visual Studio 15
VisualStudioVersion = 15.0.28010.2026
MinimumVisualStudioVersion = 10.0.40219.1
Project("{FAE04EC0-301F-11D3-BF4B-00C04F79EFBC}") = "[db]HW1_2015726030", "[db]HW1_2015726030\[db]HW1_2015726030.csproj", "{B9FC24E2-109C-4CEC-BE12-3DF6F4B3C1A4}"
EndProject
Global
	GlobalSection(SolutionConfigurationPlatforms) = preSolution
		Debug|Any CPU = Debug|Any CPU
		Release|Any CPU = Release|Any CPU
	EndGlobalSection
	GlobalSection(ProjectConfigurationPlatforms) = postSolution
		{B9FC24E2-109C-4CEC-BE12-3DF6F4B3C1A4}.Debug|Any CPU.ActiveCfg = Debug|Any CPU
		{B9FC24E2-109C-4CEC-BE12-3DF6F4B3C1A4}.Debug|Any CPU.Build.0 = Debug|Any CPU
		{B9FC24E2-109C-4CEC-BE12-3DF6F4B3C1A4}.Release|Any CPU.ActiveCfg = Release|Any CPU
		{B9FC24E2-109C-4CEC-BE12-3DF6F4B3C1A4}.Release|Any CPU.Build.0 = Release|Any CPU
	EndGlobalSection
	GlobalSection(SolutionProperties) = preSolution
		HideSolutionNode = FALSE
	EndGlobalSection
	GlobalSection(ExtensibilityGlobals) = postSolution
		SolutionGuid = {58E4A85D-DF9B-45D4-BF2E-C9BD4D1C2DB5}
	EndGlobalSection
EndGlobal
